
Microsoft Visual Studio Solution File, Format Version 12.00
Project("{FAE04EC0-301F-11D3-BF4B-00C04F79EFBC}") = "Organization", "Organization\Organization.csproj", "{0EFC194E-4ABF-4842-B7A7-8F730E3ACC48}"
EndProject
Project("{FAE04EC0-301F-11D3-BF4B-00C04F79EFBC}") = "TokenSecurityKeyGenerator", "TokenSecurityKeyGenerator\TokenSecurityKeyGenerator.csproj", "{C3D76328-1B01-4670-B3C3-F0D3691B51E8}"
EndProject
Global
	GlobalSection(SolutionConfigurationPlatforms) = preSolution
		Debug|Any CPU = Debug|Any CPU
		Release|Any CPU = Release|Any CPU
	EndGlobalSection
	GlobalSection(ProjectConfigurationPlatforms) = postSolution
		{0EFC194E-4ABF-4842-B7A7-8F730E3ACC48}.Debug|Any CPU.ActiveCfg = Debug|Any CPU
		{0EFC194E-4ABF-4842-B7A7-8F730E3ACC48}.Debug|Any CPU.Build.0 = Debug|Any CPU
		{0EFC194E-4ABF-4842-B7A7-8F730E3ACC48}.Release|Any CPU.ActiveCfg = Release|Any CPU
		{0EFC194E-4ABF-4842-B7A7-8F730E3ACC48}.Release|Any CPU.Build.0 = Release|Any CPU
		{C3D76328-1B01-4670-B3C3-F0D3691B51E8}.Debug|Any CPU.ActiveCfg = Debug|Any CPU
		{C3D76328-1B01-4670-B3C3-F0D3691B51E8}.Debug|Any CPU.Build.0 = Debug|Any CPU
		{C3D76328-1B01-4670-B3C3-F0D3691B51E8}.Release|Any CPU.ActiveCfg = Release|Any CPU
		{C3D76328-1B01-4670-B3C3-F0D3691B51E8}.Release|Any CPU.Build.0 = Release|Any CPU
	EndGlobalSection
EndGlobal
